
Microsoft Visual Studio Solution File, Format Version 12.00
Project("{2150E333-8FDC-42A3-9474-1A3956D46DE8}") = "files", "files", "{A7207CBD-2D1A-4846-B0C4-6D025BE238DF}"
	ProjectSection(SolutionItems) = preProject
		.dockerignore = .dockerignore
		.gitignore = .gitignore
		docker-compose.yml = docker-compose.yml
		LICENSE = LICENSE
		README.md = README.md
	EndProjectSection
EndProject
Project("{2150E333-8FDC-42A3-9474-1A3956D46DE8}") = "src", "src", "{CBC1BF34-4966-442A-808B-8BBC9CEF9C68}"
EndProject
Project("{2150E333-8FDC-42A3-9474-1A3956D46DE8}") = "tests", "tests", "{BC8AFBF8-971C-43A2-B4E6-5DD97B58DDE2}"
EndProject
Project("{FAE04EC0-301F-11D3-BF4B-00C04F79EFBC}") = "BCA.Web", "src\BCA.Web\BCA.Web.csproj", "{A387BC01-C398-47B4-A0AC-47280C5BD5C1}"
EndProject
Global
	GlobalSection(SolutionConfigurationPlatforms) = preSolution
		Debug|Any CPU = Debug|Any CPU
		Release|Any CPU = Release|Any CPU
	EndGlobalSection
	GlobalSection(ProjectConfigurationPlatforms) = postSolution
		{A387BC01-C398-47B4-A0AC-47280C5BD5C1}.Debug|Any CPU.ActiveCfg = Debug|Any CPU
		{A387BC01-C398-47B4-A0AC-47280C5BD5C1}.Debug|Any CPU.Build.0 = Debug|Any CPU
		{A387BC01-C398-47B4-A0AC-47280C5BD5C1}.Release|Any CPU.ActiveCfg = Release|Any CPU
		{A387BC01-C398-47B4-A0AC-47280C5BD5C1}.Release|Any CPU.Build.0 = Release|Any CPU
	EndGlobalSection
	GlobalSection(NestedProjects) = preSolution
		{A387BC01-C398-47B4-A0AC-47280C5BD5C1} = {CBC1BF34-4966-442A-808B-8BBC9CEF9C68}
	EndGlobalSection
EndGlobal
