
Microsoft Visual Studio Solution File, Format Version 12.00
Project("{2150E333-8FDC-42A3-9474-1A3956D46DE8}") = "files", "files", "{A7207CBD-2D1A-4846-B0C4-6D025BE238DF}"
	ProjectSection(SolutionItems) = preProject
		.dockerignore = .dockerignore
		.gitignore = .gitignore
		docker-compose.yml = docker-compose.yml
		LICENSE = LICENSE
		README.md = README.md
	EndProjectSection
EndProject
Project("{2150E333-8FDC-42A3-9474-1A3956D46DE8}") = "src", "src", "{CBC1BF34-4966-442A-808B-8BBC9CEF9C68}"
EndProject
Project("{2150E333-8FDC-42A3-9474-1A3956D46DE8}") = "tests", "tests", "{BC8AFBF8-971C-43A2-B4E6-5DD97B58DDE2}"
EndProject
Project("{FAE04EC0-301F-11D3-BF4B-00C04F79EFBC}") = "BCA.Web", "src\BCA.Web\BCA.Web.csproj", "{A387BC01-C398-47B4-A0AC-47280C5BD5C1}"
EndProject
Project("{FAE04EC0-301F-11D3-BF4B-00C04F79EFBC}") = "BCA.Infrastructure", "src\BCA.Infrastructure\BCA.Infrastructure.csproj", "{4F25D4FB-CCEE-47C9-89DB-6052B9FB0D88}"
EndProject
Project("{FAE04EC0-301F-11D3-BF4B-00C04F79EFBC}") = "BCA.Application", "src\BCA.Application\BCA.Application.csproj", "{248B3353-F8CA-46D7-BE45-FFB61608C8A5}"
EndProject
Project("{FAE04EC0-301F-11D3-BF4B-00C04F79EFBC}") = "BCA.Domain", "src\BCA.Domain\BCA.Domain.csproj", "{ABD168A2-1CBB-4FFF-8A3E-811C67D0572E}"
EndProject
Project("{2150E333-8FDC-42A3-9474-1A3956D46DE8}") = "scripts", "scripts", "{8EB1B8E1-A611-4DB4-8BA7-4AACE34C0C35}"
	ProjectSection(SolutionItems) = preProject
		scripts\add-migration.ps1 = scripts\add-migration.ps1
		scripts\get-paths.ps1 = scripts\get-paths.ps1
		scripts\list-migrations.ps1 = scripts\list-migrations.ps1
		scripts\remove-last-migration.ps1 = scripts\remove-last-migration.ps1
		scripts\run-unit-tests.ps1 = scripts\run-unit-tests.ps1
		scripts\update-db.ps1 = scripts\update-db.ps1
	EndProjectSection
EndProject
Project("{2150E333-8FDC-42A3-9474-1A3956D46DE8}") = "docs", "docs", "{56E40DF6-7840-4449-8058-590442668044}"
	ProjectSection(SolutionItems) = preProject
		docs\solution-overview.png = docs\solution-overview.png
		docs\settings.png = docs\settings.png
	EndProjectSection
EndProject
Global
	GlobalSection(SolutionConfigurationPlatforms) = preSolution
		Debug|Any CPU = Debug|Any CPU
		Release|Any CPU = Release|Any CPU
	EndGlobalSection
	GlobalSection(ProjectConfigurationPlatforms) = postSolution
		{A387BC01-C398-47B4-A0AC-47280C5BD5C1}.Debug|Any CPU.ActiveCfg = Debug|Any CPU
		{A387BC01-C398-47B4-A0AC-47280C5BD5C1}.Debug|Any CPU.Build.0 = Debug|Any CPU
		{A387BC01-C398-47B4-A0AC-47280C5BD5C1}.Release|Any CPU.ActiveCfg = Release|Any CPU
		{A387BC01-C398-47B4-A0AC-47280C5BD5C1}.Release|Any CPU.Build.0 = Release|Any CPU
		{4F25D4FB-CCEE-47C9-89DB-6052B9FB0D88}.Debug|Any CPU.ActiveCfg = Debug|Any CPU
		{4F25D4FB-CCEE-47C9-89DB-6052B9FB0D88}.Debug|Any CPU.Build.0 = Debug|Any CPU
		{4F25D4FB-CCEE-47C9-89DB-6052B9FB0D88}.Release|Any CPU.ActiveCfg = Release|Any CPU
		{4F25D4FB-CCEE-47C9-89DB-6052B9FB0D88}.Release|Any CPU.Build.0 = Release|Any CPU
		{248B3353-F8CA-46D7-BE45-FFB61608C8A5}.Debug|Any CPU.ActiveCfg = Debug|Any CPU
		{248B3353-F8CA-46D7-BE45-FFB61608C8A5}.Debug|Any CPU.Build.0 = Debug|Any CPU
		{248B3353-F8CA-46D7-BE45-FFB61608C8A5}.Release|Any CPU.ActiveCfg = Release|Any CPU
		{248B3353-F8CA-46D7-BE45-FFB61608C8A5}.Release|Any CPU.Build.0 = Release|Any CPU
		{ABD168A2-1CBB-4FFF-8A3E-811C67D0572E}.Debug|Any CPU.ActiveCfg = Debug|Any CPU
		{ABD168A2-1CBB-4FFF-8A3E-811C67D0572E}.Debug|Any CPU.Build.0 = Debug|Any CPU
		{ABD168A2-1CBB-4FFF-8A3E-811C67D0572E}.Release|Any CPU.ActiveCfg = Release|Any CPU
		{ABD168A2-1CBB-4FFF-8A3E-811C67D0572E}.Release|Any CPU.Build.0 = Release|Any CPU
	EndGlobalSection
	GlobalSection(NestedProjects) = preSolution
		{A387BC01-C398-47B4-A0AC-47280C5BD5C1} = {CBC1BF34-4966-442A-808B-8BBC9CEF9C68}
		{4F25D4FB-CCEE-47C9-89DB-6052B9FB0D88} = {CBC1BF34-4966-442A-808B-8BBC9CEF9C68}
		{248B3353-F8CA-46D7-BE45-FFB61608C8A5} = {CBC1BF34-4966-442A-808B-8BBC9CEF9C68}
		{ABD168A2-1CBB-4FFF-8A3E-811C67D0572E} = {CBC1BF34-4966-442A-808B-8BBC9CEF9C68}
		{56E40DF6-7840-4449-8058-590442668044} = {A7207CBD-2D1A-4846-B0C4-6D025BE238DF}
	EndGlobalSection
EndGlobal
